{
  "object": {
    "pins": [
      {
        "package": "ObjectAssociation",
        "repositoryURL": "https://github.com/ipedro/ObjectAssociation.git",
        "state": {
          "branch": null,
          "revision": "8a8c598a80c8210ad771a6988faa509a1eb7cea8",
          "version": "0.2.0"
        }
      },
      {
        "package": "UIKeyboardAnimatable",
        "repositoryURL": "https://github.com/ipedro/UIKeyboardAnimatable.git",
        "state": {
          "branch": null,
          "revision": "557f75d0db6e9705c797ec959b3efcfa6858bb8c",
          "version": "0.2.4"
        }
      },
      {
        "package": "UIKeyCommandTableView",
        "repositoryURL": "https://github.com/ipedro/UIKeyCommandTableView.git",
        "state": {
          "branch": null,
          "revision": "4663389cf13968fc3ad07b381855dfa9ba60c20e",
          "version": "0.1.8"
        }
      },
      {
        "package": "UIKitOptions",
        "repositoryURL": "https://github.com/ipedro/UIKitOptions.git",
        "state": {
          "branch": null,
          "revision": "034eb3bf4b3afbd0bbad67142aa23fb5a8be4b7a",
          "version": "0.2.29"
        }
      }
    ]
  },
  "version": 1
}
