{
  "object": {
    "pins": [
      {
        "package": "Coordinator",
        "repositoryURL": "https://github.com/ipedro/Coordinator.git",
        "state": {
          "branch": null,
          "revision": "9c55fd7bdb5fb50a2386c93f71e191c5a1cb2ebb",
          "version": "1.0.2"
        }
      },
      {
        "package": "Down",
        "repositoryURL": "https://github.com/johnxnguyen/Down.git",
        "state": {
          "branch": null,
          "revision": "f34b166be1f1db4aa8f573067e901d72f2a6be57",
          "version": "0.11.0"
        }
      },
      {
        "package": "UIKeyboardAnimatable",
        "repositoryURL": "https://github.com/ipedro/UIKeyboardAnimatable.git",
        "state": {
          "branch": null,
          "revision": "3ac2463af77e998fd179ff7aeefebe765f08b4cd",
          "version": "0.3.0"
        }
      },
      {
        "package": "UIKeyCommandTableView",
        "repositoryURL": "https://github.com/ipedro/UIKeyCommandTableView.git",
        "state": {
          "branch": null,
          "revision": "facfb7ea696d373264435ac77c80b0b467f328a3",
          "version": "0.2.1"
        }
      },
      {
        "package": "UIKitOptions",
        "repositoryURL": "https://github.com/ipedro/UIKitOptions.git",
        "state": {
          "branch": null,
          "revision": "2a60d39d0a986d55e3a258576042713e25f7b3d2",
          "version": "0.3.2"
        }
      }
    ]
  },
  "version": 1
}
