{
  "object": {
    "pins": [
      {
        "package": "Coordinator",
        "repositoryURL": "https://github.com/ipedro/Coordinator.git",
        "state": {
          "branch": null,
          "revision": "4633fd02b0cac039e1a35fe70a36cd6e72c3992b",
          "version": "2.1.3"
        }
      },
      {
        "package": "Down",
        "repositoryURL": "https://github.com/johnxnguyen/Down.git",
        "state": {
          "branch": null,
          "revision": "f34b166be1f1db4aa8f573067e901d72f2a6be57",
          "version": "0.11.0"
        }
      },
      {
        "package": "UIKeyboardAnimatable",
        "repositoryURL": "https://github.com/ipedro/UIKeyboardAnimatable.git",
        "state": {
          "branch": null,
          "revision": "4462965bba6b4ebcfba2e407f9e93f96cb9fcb12",
          "version": "1.0.0"
        }
      },
      {
        "package": "UIKeyCommandTableView",
        "repositoryURL": "https://github.com/ipedro/UIKeyCommandTableView.git",
        "state": {
          "branch": null,
          "revision": "20f6498274e02622672e203d694de8ef6ade4d56",
          "version": "0.3.2"
        }
      },
      {
        "package": "UIKitOptions",
        "repositoryURL": "https://github.com/ipedro/UIKitOptions.git",
        "state": {
          "branch": null,
          "revision": "66c73e7529e2b65afd9d729025ebafec2b65a93b",
          "version": "0.3.3"
        }
      }
    ]
  },
  "version": 1
}
