{
  "object": {
    "pins": [
      {
        "package": "UIKeyCommandTableView",
        "repositoryURL": "https://github.com/ipedro/UIKeyCommandTableView.git",
        "state": {
          "branch": null,
          "revision": "1ee52dfda5a070bae866d7882e1dc34fd4c153c1",
          "version": "0.1.2"
        }
      },
      {
        "package": "UIKitOptions",
        "repositoryURL": "https://github.com/ipedro/UIKitOptions.git",
        "state": {
          "branch": null,
          "revision": "24468b2c0478760cfa4d5812f4a55cff8a81a031",
          "version": "0.1.2"
        }
      }
    ]
  },
  "version": 1
}
