{
  "object": {
    "pins": [
      {
        "package": "UIKeyCommandTableView",
        "repositoryURL": "https://github.com/ipedro/UIKeyCommandTableView.git",
        "state": {
          "branch": null,
          "revision": "6df9f36e01e65f34a14b9062b9e9b13a72ebb064",
          "version": "0.1.7"
        }
      },
      {
        "package": "UIKitOptions",
        "repositoryURL": "https://github.com/ipedro/UIKitOptions.git",
        "state": {
          "branch": null,
          "revision": "d50e7513069374f741c05242e0818861ce0f4270",
          "version": "0.2.26"
        }
      }
    ]
  },
  "version": 1
}
