// !$*UTF8*$!
{
	archiveVersion = 1;
	classes = {
	};
	objectVersion = 100;
	objects = {

/* Begin PBXBuildFile section */
		0E33D12382E749B786AB0E4B /* InspectorInterface in Frameworks */ = {isa = PBXBuildFile; productRef = 451B1E26BF8543E482810D80 /* InspectorInterface */; };
		A1B2C3D4E5F60011A1B2C3D4 /* AccessibilityTests.swift in Sources */ = {isa = PBXBuildFile; fileRef = A1B2C3D4E5F6000AA1B2C3D4 /* AccessibilityTests.swift */; };
		A1B2C3D4E5F60012A1B2C3D4 /* InspectorConfigurationTests.swift in Sources */ = {isa = PBXBuildFile; fileRef = A1B2C3D4E5F6000BA1B2C3D4 /* InspectorConfigurationTests.swift */; };
		A1B2C3D4E5F60013A1B2C3D4 /* InspectorStateTests.swift in Sources */ = {isa = PBXBuildFile; fileRef = A1B2C3D4E5F6000CA1B2C3D4 /* InspectorStateTests.swift */; };
		A1B2C3D4E5F60014A1B2C3D4 /* InspectorTests.swift in Sources */ = {isa = PBXBuildFile; fileRef = A1B2C3D4E5F6000DA1B2C3D4 /* InspectorTests.swift */; };
		A1B2C3D4E5F60015A1B2C3D4 /* SnapshotCachingTests.swift in Sources */ = {isa = PBXBuildFile; fileRef = A1B2C3D4E5F6000EA1B2C3D4 /* SnapshotCachingTests.swift */; };
		A1B2C3D4E5F60016A1B2C3D4 /* ViewHierarchyLayerTests.swift in Sources */ = {isa = PBXBuildFile; fileRef = A1B2C3D4E5F6000FA1B2C3D4 /* ViewHierarchyLayerTests.swift */; };
		A1B2C3D4E5F60017A1B2C3D4 /* XCTestManifests.swift in Sources */ = {isa = PBXBuildFile; fileRef = A1B2C3D4E5F60010A1B2C3D4 /* XCTestManifests.swift */; };
		A1B2C3D4E5F60020A1B2C3D4 /* Inspector in Frameworks */ = {isa = PBXBuildFile; productRef = A1B2C3D4E5F60019A1B2C3D4 /* Inspector */; };
		A1B2C3D4E5F60021A1B2C3D4 /* InspectorBridgeServiceTests.swift in Sources */ = {isa = PBXBuildFile; fileRef = A1B2C3D4E5F60022A1B2C3D4 /* InspectorBridgeServiceTests.swift */; };
		A1B2C3D4E5F60023A1B2C3D4 /* InspectorMCPTransportTests.swift in Sources */ = {isa = PBXBuildFile; fileRef = A1B2C3D4E5F60024A1B2C3D4 /* InspectorMCPTransportTests.swift */; };
		A1B2C3D4E5F60025A1B2C3D4 /* InspectorPropertyBindingTests.swift in Sources */ = {isa = PBXBuildFile; fileRef = A1B2C3D4E5F60026A1B2C3D4 /* InspectorPropertyBindingTests.swift */; };
		A1B2C3D4E5F60027A1B2C3D4 /* InspectorAutobuiltPanelTests.swift in Sources */ = {isa = PBXBuildFile; fileRef = A1B2C3D4E5F60028A1B2C3D4 /* InspectorAutobuiltPanelTests.swift */; };
		EB6595ED266B45C10021CC91 /* Down in Frameworks */ = {isa = PBXBuildFile; productRef = EB6595EC266B45C10021CC91 /* Down */; };
		EBD185372DDD2D6C00D213C8 /* Inspector in Frameworks */ = {isa = PBXBuildFile; productRef = EBD185362DDD2D6C00D213C8 /* Inspector */; };
		EBEC3E22263AC75B00131D60 /* Inspector in Frameworks */ = {isa = PBXBuildFile; productRef = EBEC3E21263AC75B00131D60 /* Inspector */; };
/* End PBXBuildFile section */

/* Begin PBXFileReference section */
		A1B2C3D4E5F60003A1B2C3D4 /* InspectorTests.xctest */ = {isa = PBXFileReference; explicitFileType = wrapper.cfbundle; includeInIndex = 0; path = InspectorTests.xctest; sourceTree = BUILT_PRODUCTS_DIR; };
		A1B2C3D4E5F6000AA1B2C3D4 /* AccessibilityTests.swift */ = {isa = PBXFileReference; lastKnownFileType = sourcecode.swift; path = AccessibilityTests.swift; sourceTree = "<group>"; };
		A1B2C3D4E5F6000BA1B2C3D4 /* InspectorConfigurationTests.swift */ = {isa = PBXFileReference; lastKnownFileType = sourcecode.swift; path = InspectorConfigurationTests.swift; sourceTree = "<group>"; };
		A1B2C3D4E5F6000CA1B2C3D4 /* InspectorStateTests.swift */ = {isa = PBXFileReference; lastKnownFileType = sourcecode.swift; path = InspectorStateTests.swift; sourceTree = "<group>"; };
		A1B2C3D4E5F6000DA1B2C3D4 /* InspectorTests.swift */ = {isa = PBXFileReference; lastKnownFileType = sourcecode.swift; path = InspectorTests.swift; sourceTree = "<group>"; };
		A1B2C3D4E5F6000EA1B2C3D4 /* SnapshotCachingTests.swift */ = {isa = PBXFileReference; lastKnownFileType = sourcecode.swift; path = SnapshotCachingTests.swift; sourceTree = "<group>"; };
		A1B2C3D4E5F6000FA1B2C3D4 /* ViewHierarchyLayerTests.swift */ = {isa = PBXFileReference; lastKnownFileType = sourcecode.swift; path = ViewHierarchyLayerTests.swift; sourceTree = "<group>"; };
		A1B2C3D4E5F60010A1B2C3D4 /* XCTestManifests.swift */ = {isa = PBXFileReference; lastKnownFileType = sourcecode.swift; path = XCTestManifests.swift; sourceTree = "<group>"; };
		A1B2C3D4E5F60022A1B2C3D4 /* InspectorBridgeServiceTests.swift */ = {isa = PBXFileReference; lastKnownFileType = sourcecode.swift; path = InspectorBridgeServiceTests.swift; sourceTree = "<group>"; };
		A1B2C3D4E5F60024A1B2C3D4 /* InspectorMCPTransportTests.swift */ = {isa = PBXFileReference; lastKnownFileType = sourcecode.swift; path = InspectorMCPTransportTests.swift; sourceTree = "<group>"; };
		A1B2C3D4E5F60026A1B2C3D4 /* InspectorPropertyBindingTests.swift */ = {isa = PBXFileReference; lastKnownFileType = sourcecode.swift; path = InspectorPropertyBindingTests.swift; sourceTree = "<group>"; };
		A1B2C3D4E5F60028A1B2C3D4 /* InspectorAutobuiltPanelTests.swift */ = {isa = PBXFileReference; lastKnownFileType = sourcecode.swift; path = InspectorAutobuiltPanelTests.swift; sourceTree = "<group>"; };
		EB5E1FDA261A48EB002301F5 /* Example.app */ = {isa = PBXFileReference; explicitFileType = wrapper.application; includeInIndex = 0; path = Example.app; sourceTree = BUILT_PRODUCTS_DIR; };
/* End PBXFileReference section */

/* Begin PBXFileSystemSynchronizedBuildFileExceptionSet section */
		EB21E3452DDD2CD700D621D0 /* Exceptions for "Example" folder in "Example" target */ = {
			isa = PBXFileSystemSynchronizedBuildFileExceptionSet;
			membershipExceptions = (
				Configuration/SampleCode.xcconfig,
				"Example-Info.plist",
				Package.swift,
			);
			target = EB5E1FD9261A48EB002301F5 /* Example */;
		};
/* End PBXFileSystemSynchronizedBuildFileExceptionSet section */

/* Begin PBXFileSystemSynchronizedRootGroup section */
		EB21E3362DDD2CD700D621D0 /* Example */ = {
			isa = PBXFileSystemSynchronizedRootGroup;
			exceptions = (
				EB21E3452DDD2CD700D621D0 /* Exceptions for "Example" folder in "Example" target */,
			);
			path = Example;
			sourceTree = "<group>";
		};
/* End PBXFileSystemSynchronizedRootGroup section */

/* Begin PBXFrameworksBuildPhase section */
		A1B2C3D4E5F60004A1B2C3D4 /* Frameworks */ = {
			isa = PBXFrameworksBuildPhase;
			files = (
				A1B2C3D4E5F60020A1B2C3D4 /* Inspector in Frameworks */,
			);
		};
		EB5E1FD7261A48EB002301F5 /* Frameworks */ = {
			isa = PBXFrameworksBuildPhase;
			files = (
				EBD185372DDD2D6C00D213C8 /* Inspector in Frameworks */,
				EB6595ED266B45C10021CC91 /* Down in Frameworks */,
				EBEC3E22263AC75B00131D60 /* Inspector in Frameworks */,
				0E33D12382E749B786AB0E4B /* InspectorInterface in Frameworks */,
			);
		};
/* End PBXFrameworksBuildPhase section */

/* Begin PBXGroup section */
		A1B2C3D4E5F60018A1B2C3D4 /* InspectorTests */ = {
			isa = PBXGroup;
			children = (
				A1B2C3D4E5F6000AA1B2C3D4 /* AccessibilityTests.swift */,
				A1B2C3D4E5F6000BA1B2C3D4 /* InspectorConfigurationTests.swift */,
				A1B2C3D4E5F6000CA1B2C3D4 /* InspectorStateTests.swift */,
				A1B2C3D4E5F6000DA1B2C3D4 /* InspectorTests.swift */,
				A1B2C3D4E5F6000EA1B2C3D4 /* SnapshotCachingTests.swift */,
				A1B2C3D4E5F60022A1B2C3D4 /* InspectorBridgeServiceTests.swift */,
				A1B2C3D4E5F60024A1B2C3D4 /* InspectorMCPTransportTests.swift */,
				A1B2C3D4E5F60026A1B2C3D4 /* InspectorPropertyBindingTests.swift */,
				A1B2C3D4E5F60028A1B2C3D4 /* InspectorAutobuiltPanelTests.swift */,
				A1B2C3D4E5F6000FA1B2C3D4 /* ViewHierarchyLayerTests.swift */,
				A1B2C3D4E5F60010A1B2C3D4 /* XCTestManifests.swift */,
			);
			name = InspectorTests;
			path = ../Tests/InspectorTests;
			sourceTree = "<group>";
		};
		EB5E1FD1261A48EB002301F5 = {
			isa = PBXGroup;
			children = (
				EB21E3362DDD2CD700D621D0 /* Example */,
				A1B2C3D4E5F60018A1B2C3D4 /* InspectorTests */,
				EBEC3E20263AC75B00131D60 /* Frameworks */,
				EB5E1FDB261A48EB002301F5 /* Products */,
			);
			sourceTree = "<group>";
		};
		EB5E1FDB261A48EB002301F5 /* Products */ = {
			isa = PBXGroup;
			children = (
				EB5E1FDA261A48EB002301F5 /* Example.app */,
				A1B2C3D4E5F60003A1B2C3D4 /* InspectorTests.xctest */,
			);
			name = Products;
			sourceTree = "<group>";
		};
		EBEC3E20263AC75B00131D60 /* Frameworks */ = {
			isa = PBXGroup;
			children = (
			);
			name = Frameworks;
			sourceTree = "<group>";
		};
/* End PBXGroup section */

/* Begin PBXNativeTarget section */
		A1B2C3D4E5F60005A1B2C3D4 /* InspectorTests */ = {
			isa = PBXNativeTarget;
			buildConfigurationList = A1B2C3D4E5F60006A1B2C3D4 /* Build configuration list for PBXNativeTarget "InspectorTests" */;
			buildPhases = (
				A1B2C3D4E5F60004A1B2C3D4 /* Frameworks */,
				A1B2C3D4E5F60007A1B2C3D4 /* Sources */,
			);
			buildRules = (
			);
			name = InspectorTests;
			packageProductDependencies = (
				A1B2C3D4E5F60019A1B2C3D4 /* Inspector */,
			);
			productName = InspectorTests;
			productReference = A1B2C3D4E5F60003A1B2C3D4 /* InspectorTests.xctest */;
			productType = "com.apple.product-type.bundle.unit-test";
		};
		EB5E1FD9261A48EB002301F5 /* Example */ = {
			isa = PBXNativeTarget;
			buildConfigurationList = EB5E1FEE261A48EC002301F5 /* Build configuration list for PBXNativeTarget "Example" */;
			buildPhases = (
				EB5E1FD6261A48EB002301F5 /* Sources */,
				EB5E1FD7261A48EB002301F5 /* Frameworks */,
				EB5E1FD8261A48EB002301F5 /* Resources */,
			);
			buildRules = (
			);
			fileSystemSynchronizedGroups = (
				EB21E3362DDD2CD700D621D0 /* Example */,
			);
			name = Example;
			packageProductDependencies = (
				EBEC3E21263AC75B00131D60 /* Inspector */,
				EB6595EC266B45C10021CC91 /* Down */,
				EBD185362DDD2D6C00D213C8 /* Inspector */,
				451B1E26BF8543E482810D80 /* InspectorInterface */,
			);
			productName = HierarchyInspectorExample;
			productReference = EB5E1FDA261A48EB002301F5 /* Example.app */;
			productType = "com.apple.product-type.application";
		};
/* End PBXNativeTarget section */

/* Begin PBXProject section */
		EB5E1FD2261A48EB002301F5 /* Project object */ = {
			isa = PBXProject;
			attributes = {
				LastSwiftUpdateCheck = 1250;
				LastUpgradeCheck = 1240;
				TargetAttributes = {
					A1B2C3D4E5F60005A1B2C3D4 = {
						CreatedOnToolsVersion = 12.4;
						TestTargetID = EB5E1FD9261A48EB002301F5;
					};
					EB5E1FD9261A48EB002301F5 = {
						CreatedOnToolsVersion = 12.4;
					};
				};
			};
			buildConfigurationList = EB5E1FD5261A48EB002301F5 /* Build configuration list for PBXProject "Example" */;
			developmentRegion = en;
			hasScannedForEncodings = 0;
			knownRegions = (
				en,
				Base,
			);
			mainGroup = EB5E1FD1261A48EB002301F5;
			packageReferences = (
				EB6595EB266B45C10021CC91 /* XCRemoteSwiftPackageReference "Down" */,
				EBD185352DDD2D6C00D213C8 /* XCLocalSwiftPackageReference "../../Inspector" */,
			);
			preferredProjectObjectVersion = 50;
			productRefGroup = EB5E1FDB261A48EB002301F5 /* Products */;
			projectDirPath = "";
			projectRoot = "";
			targets = (
				EB5E1FD9261A48EB002301F5 /* Example */,
				A1B2C3D4E5F60005A1B2C3D4 /* InspectorTests */,
			);
		};
/* End PBXProject section */

/* Begin PBXResourcesBuildPhase section */
		EB5E1FD8261A48EB002301F5 /* Resources */ = {
			isa = PBXResourcesBuildPhase;
			files = (
			);
		};
/* End PBXResourcesBuildPhase section */

/* Begin PBXSourcesBuildPhase section */
		A1B2C3D4E5F60007A1B2C3D4 /* Sources */ = {
			isa = PBXSourcesBuildPhase;
			files = (
				A1B2C3D4E5F60011A1B2C3D4 /* AccessibilityTests.swift in Sources */,
				A1B2C3D4E5F60012A1B2C3D4 /* InspectorConfigurationTests.swift in Sources */,
				A1B2C3D4E5F60013A1B2C3D4 /* InspectorStateTests.swift in Sources */,
				A1B2C3D4E5F60014A1B2C3D4 /* InspectorTests.swift in Sources */,
				A1B2C3D4E5F60015A1B2C3D4 /* SnapshotCachingTests.swift in Sources */,
				A1B2C3D4E5F60021A1B2C3D4 /* InspectorBridgeServiceTests.swift in Sources */,
				A1B2C3D4E5F60023A1B2C3D4 /* InspectorMCPTransportTests.swift in Sources */,
				A1B2C3D4E5F60025A1B2C3D4 /* InspectorPropertyBindingTests.swift in Sources */,
				A1B2C3D4E5F60027A1B2C3D4 /* InspectorAutobuiltPanelTests.swift in Sources */,
				A1B2C3D4E5F60016A1B2C3D4 /* ViewHierarchyLayerTests.swift in Sources */,
				A1B2C3D4E5F60017A1B2C3D4 /* XCTestManifests.swift in Sources */,
			);
		};
		EB5E1FD6261A48EB002301F5 /* Sources */ = {
			isa = PBXSourcesBuildPhase;
			files = (
			);
		};
/* End PBXSourcesBuildPhase section */

/* Begin XCBuildConfiguration section */
		A1B2C3D4E5F60008A1B2C3D4 /* Debug configuration for PBXNativeTarget "InspectorTests" */ = {
			isa = XCBuildConfiguration;
			buildSettings = {
				BUNDLE_LOADER = "$(TEST_HOST)";
				CODE_SIGN_STYLE = Automatic;
				GENERATE_INFOPLIST_FILE = YES;
				IPHONEOS_DEPLOYMENT_TARGET = 15.0;
				PRODUCT_BUNDLE_IDENTIFIER = am.pedro.InspectorTests;
				PRODUCT_NAME = "$(TARGET_NAME)";
				SDKROOT = iphoneos;
				SWIFT_ACTIVE_COMPILATION_CONDITIONS = "$(inherited) INSPECTOR_DEBUGGING";
				SWIFT_INCLUDE_PATHS = "$(BUILT_PRODUCTS_DIR)";
				SWIFT_VERSION = 5.0;
				TEST_HOST = "$(BUILT_PRODUCTS_DIR)/Example.app/Example";
			};
			name = Debug;
		};
		A1B2C3D4E5F60009A1B2C3D4 /* Release configuration for PBXNativeTarget "InspectorTests" */ = {
			isa = XCBuildConfiguration;
			buildSettings = {
				BUNDLE_LOADER = "$(TEST_HOST)";
				CODE_SIGN_STYLE = Automatic;
				GENERATE_INFOPLIST_FILE = YES;
				IPHONEOS_DEPLOYMENT_TARGET = 15.0;
				PRODUCT_BUNDLE_IDENTIFIER = am.pedro.InspectorTests;
				PRODUCT_NAME = "$(TARGET_NAME)";
				SDKROOT = iphoneos;
				SWIFT_ACTIVE_COMPILATION_CONDITIONS = "$(inherited) INSPECTOR_DEBUGGING";
				SWIFT_INCLUDE_PATHS = "$(BUILT_PRODUCTS_DIR)";
				SWIFT_VERSION = 5.0;
				TEST_HOST = "$(BUILT_PRODUCTS_DIR)/Example.app/Example";
			};
			name = Release;
		};
		EB5E1FEC261A48EC002301F5 /* Debug configuration for PBXProject "Example" */ = {
			isa = XCBuildConfiguration;
			buildSettings = {
				ALWAYS_SEARCH_USER_PATHS = NO;
				CLANG_ANALYZER_NONNULL = YES;
				CLANG_ANALYZER_NUMBER_OBJECT_CONVERSION = YES_AGGRESSIVE;
				CLANG_CXX_LANGUAGE_STANDARD = "gnu++14";
				CLANG_CXX_LIBRARY = "libc++";
				CLANG_ENABLE_MODULES = YES;
				CLANG_ENABLE_OBJC_ARC = YES;
				CLANG_ENABLE_OBJC_WEAK = YES;
				CLANG_WARN_BLOCK_CAPTURE_AUTORELEASING = YES;
				CLANG_WARN_BOOL_CONVERSION = YES;
				CLANG_WARN_COMMA = YES;
				CLANG_WARN_CONSTANT_CONVERSION = YES;
				CLANG_WARN_DEPRECATED_OBJC_IMPLEMENTATIONS = YES;
				CLANG_WARN_DIRECT_OBJC_ISA_USAGE = YES_ERROR;
				CLANG_WARN_DOCUMENTATION_COMMENTS = YES;
				CLANG_WARN_EMPTY_BODY = YES;
				CLANG_WARN_ENUM_CONVERSION = YES;
				CLANG_WARN_INFINITE_RECURSION = YES;
				CLANG_WARN_INT_CONVERSION = YES;
				CLANG_WARN_NON_LITERAL_NULL_CONVERSION = YES;
				CLANG_WARN_OBJC_IMPLICIT_RETAIN_SELF = YES;
				CLANG_WARN_OBJC_LITERAL_CONVERSION = YES;
				CLANG_WARN_OBJC_ROOT_CLASS = YES_ERROR;
				CLANG_WARN_QUOTED_INCLUDE_IN_FRAMEWORK_HEADER = YES;
				CLANG_WARN_RANGE_LOOP_ANALYSIS = YES;
				CLANG_WARN_STRICT_PROTOTYPES = YES;
				CLANG_WARN_SUSPICIOUS_MOVE = YES;
				CLANG_WARN_UNGUARDED_AVAILABILITY = YES_AGGRESSIVE;
				CLANG_WARN_UNREACHABLE_CODE = YES;
				CLANG_WARN__DUPLICATE_METHOD_MATCH = YES;
				COPY_PHASE_STRIP = NO;
				DEBUG_INFORMATION_FORMAT = dwarf;
				ENABLE_STRICT_OBJC_MSGSEND = YES;
				ENABLE_TESTABILITY = YES;
				GCC_C_LANGUAGE_STANDARD = gnu11;
				GCC_DYNAMIC_NO_PIC = NO;
				GCC_NO_COMMON_BLOCKS = YES;
				GCC_OPTIMIZATION_LEVEL = 0;
				GCC_PREPROCESSOR_DEFINITIONS = (
					"DEBUG=1",
					"$(inherited)",
				);
				GCC_WARN_64_TO_32_BIT_CONVERSION = YES;
				GCC_WARN_ABOUT_RETURN_TYPE = YES_ERROR;
				GCC_WARN_UNDECLARED_SELECTOR = YES;
				GCC_WARN_UNINITIALIZED_AUTOS = YES_AGGRESSIVE;
				GCC_WARN_UNUSED_FUNCTION = YES;
				GCC_WARN_UNUSED_VARIABLE = YES;
				IPHONEOS_DEPLOYMENT_TARGET = 15.0;
				MTL_ENABLE_DEBUG_INFO = INCLUDE_SOURCE;
				MTL_FAST_MATH = YES;
				ONLY_ACTIVE_ARCH = YES;
				SDKROOT = iphoneos;
				SWIFT_ACTIVE_COMPILATION_CONDITIONS = DEBUG;
				SWIFT_OPTIMIZATION_LEVEL = "-Onone";
				SWIFT_VERSION = "";
			};
			name = Debug;
		};
		EB5E1FED261A48EC002301F5 /* Release configuration for PBXProject "Example" */ = {
			isa = XCBuildConfiguration;
			buildSettings = {
				ALWAYS_SEARCH_USER_PATHS = NO;
				CLANG_ANALYZER_NONNULL = YES;
				CLANG_ANALYZER_NUMBER_OBJECT_CONVERSION = YES_AGGRESSIVE;
				CLANG_CXX_LANGUAGE_STANDARD = "gnu++14";
				CLANG_CXX_LIBRARY = "libc++";
				CLANG_ENABLE_MODULES = YES;
				CLANG_ENABLE_OBJC_ARC = YES;
				CLANG_ENABLE_OBJC_WEAK = YES;
				CLANG_WARN_BLOCK_CAPTURE_AUTORELEASING = YES;
				CLANG_WARN_BOOL_CONVERSION = YES;
				CLANG_WARN_COMMA = YES;
				CLANG_WARN_CONSTANT_CONVERSION = YES;
				CLANG_WARN_DEPRECATED_OBJC_IMPLEMENTATIONS = YES;
				CLANG_WARN_DIRECT_OBJC_ISA_USAGE = YES_ERROR;
				CLANG_WARN_DOCUMENTATION_COMMENTS = YES;
				CLANG_WARN_EMPTY_BODY = YES;
				CLANG_WARN_ENUM_CONVERSION = YES;
				CLANG_WARN_INFINITE_RECURSION = YES;
				CLANG_WARN_INT_CONVERSION = YES;
				CLANG_WARN_NON_LITERAL_NULL_CONVERSION = YES;
				CLANG_WARN_OBJC_IMPLICIT_RETAIN_SELF = YES;
				CLANG_WARN_OBJC_LITERAL_CONVERSION = YES;
				CLANG_WARN_OBJC_ROOT_CLASS = YES_ERROR;
				CLANG_WARN_QUOTED_INCLUDE_IN_FRAMEWORK_HEADER = YES;
				CLANG_WARN_RANGE_LOOP_ANALYSIS = YES;
				CLANG_WARN_STRICT_PROTOTYPES = YES;
				CLANG_WARN_SUSPICIOUS_MOVE = YES;
				CLANG_WARN_UNGUARDED_AVAILABILITY = YES_AGGRESSIVE;
				CLANG_WARN_UNREACHABLE_CODE = YES;
				CLANG_WARN__DUPLICATE_METHOD_MATCH = YES;
				COPY_PHASE_STRIP = NO;
				DEBUG_INFORMATION_FORMAT = "dwarf-with-dsym";
				ENABLE_NS_ASSERTIONS = NO;
				ENABLE_STRICT_OBJC_MSGSEND = YES;
				GCC_C_LANGUAGE_STANDARD = gnu11;
				GCC_NO_COMMON_BLOCKS = YES;
				GCC_WARN_64_TO_32_BIT_CONVERSION = YES;
				GCC_WARN_ABOUT_RETURN_TYPE = YES_ERROR;
				GCC_WARN_UNDECLARED_SELECTOR = YES;
				GCC_WARN_UNINITIALIZED_AUTOS = YES_AGGRESSIVE;
				GCC_WARN_UNUSED_FUNCTION = YES;
				GCC_WARN_UNUSED_VARIABLE = YES;
				IPHONEOS_DEPLOYMENT_TARGET = 15.0;
				MTL_ENABLE_DEBUG_INFO = NO;
				MTL_FAST_MATH = YES;
				SDKROOT = iphoneos;
				SWIFT_COMPILATION_MODE = wholemodule;
				SWIFT_OPTIMIZATION_LEVEL = "-O";
				SWIFT_VERSION = "";
				VALIDATE_PRODUCT = YES;
			};
			name = Release;
		};
		EB5E1FEF261A48EC002301F5 /* Debug configuration for PBXNativeTarget "Example" */ = {
			isa = XCBuildConfiguration;
			buildSettings = {
				ASSETCATALOG_COMPILER_APPICON_NAME = AppIcon;
				ASSETCATALOG_COMPILER_GLOBAL_ACCENT_COLOR_NAME = AccentColor;
				CODE_SIGN_IDENTITY = "Apple Development";
				CODE_SIGN_STYLE = Automatic;
				CURRENT_PROJECT_VERSION = 1;
				DEVELOPMENT_TEAM = 9U37VDVBP4;
				GCC_PREPROCESSOR_DEFINITIONS = (
					"DEBUG=1",
					"VERBOSE=1",
					"$(inherited)",
				);
				INFOPLIST_FILE = "Example/Example-Info.plist";
				LD_RUNPATH_SEARCH_PATHS = (
					"$(inherited)",
					"@executable_path/Frameworks",
				);
				MARKETING_VERSION = 1.0.1;
				PRODUCT_BUNDLE_IDENTIFIER = "am.pedro.Inspector${SAMPLE_CODE_DISAMBIGUATOR}";
				PRODUCT_NAME = "$(TARGET_NAME)";
				PROVISIONING_PROFILE_SPECIFIER = "";
				SWIFT_ACTIVE_COMPILATION_CONDITIONS = "$(inherited) INSPECTOR_DEBUGGING";
				SWIFT_VERSION = 5.0;
				TARGETED_DEVICE_FAMILY = "1,2";
			};
			name = Debug;
		};
		EB5E1FF0261A48EC002301F5 /* Release configuration for PBXNativeTarget "Example" */ = {
			isa = XCBuildConfiguration;
			buildSettings = {
				ASSETCATALOG_COMPILER_APPICON_NAME = AppIcon;
				ASSETCATALOG_COMPILER_GLOBAL_ACCENT_COLOR_NAME = AccentColor;
				CODE_SIGN_IDENTITY = "Apple Development";
				CODE_SIGN_STYLE = Automatic;
				CURRENT_PROJECT_VERSION = 1;
				DEVELOPMENT_TEAM = 9U37VDVBP4;
				INFOPLIST_FILE = "Example/Example-Info.plist";
				LD_RUNPATH_SEARCH_PATHS = (
					"$(inherited)",
					"@executable_path/Frameworks",
				);
				MARKETING_VERSION = 1.0.1;
				PRODUCT_BUNDLE_IDENTIFIER = "am.pedro.Inspector${SAMPLE_CODE_DISAMBIGUATOR}";
				PRODUCT_NAME = "$(TARGET_NAME)";
				PROVISIONING_PROFILE_SPECIFIER = "";
				SWIFT_ACTIVE_COMPILATION_CONDITIONS = "$(inherited) INSPECTOR_DEBUGGING";
				SWIFT_VERSION = 5.0;
				TARGETED_DEVICE_FAMILY = "1,2";
			};
			name = Release;
		};
/* End XCBuildConfiguration section */

/* Begin XCConfigurationList section */
		A1B2C3D4E5F60006A1B2C3D4 /* Build configuration list for PBXNativeTarget "InspectorTests" */ = {
			isa = XCConfigurationList;
			buildConfigurations = (
				A1B2C3D4E5F60008A1B2C3D4 /* Debug configuration for PBXNativeTarget "InspectorTests" */,
				A1B2C3D4E5F60009A1B2C3D4 /* Release configuration for PBXNativeTarget "InspectorTests" */,
			);
			defaultConfigurationName = Release;
		};
		EB5E1FD5261A48EB002301F5 /* Build configuration list for PBXProject "Example" */ = {
			isa = XCConfigurationList;
			buildConfigurations = (
				EB5E1FEC261A48EC002301F5 /* Debug configuration for PBXProject "Example" */,
				EB5E1FED261A48EC002301F5 /* Release configuration for PBXProject "Example" */,
			);
			defaultConfigurationName = Release;
		};
		EB5E1FEE261A48EC002301F5 /* Build configuration list for PBXNativeTarget "Example" */ = {
			isa = XCConfigurationList;
			buildConfigurations = (
				EB5E1FEF261A48EC002301F5 /* Debug configuration for PBXNativeTarget "Example" */,
				EB5E1FF0261A48EC002301F5 /* Release configuration for PBXNativeTarget "Example" */,
			);
			defaultConfigurationName = Release;
		};
/* End XCConfigurationList section */

/* Begin XCLocalSwiftPackageReference section */
		EBD185352DDD2D6C00D213C8 /* XCLocalSwiftPackageReference "../../Inspector" */ = {
			isa = XCLocalSwiftPackageReference;
			relativePath = ..;
			traits = (
				Debugging,
			);
		};
/* End XCLocalSwiftPackageReference section */

/* Begin XCRemoteSwiftPackageReference section */
		EB6595EB266B45C10021CC91 /* XCRemoteSwiftPackageReference "Down" */ = {
			isa = XCRemoteSwiftPackageReference;
			repositoryURL = "https://github.com/johnxnguyen/Down.git";
			requirement = {
				kind = upToNextMajorVersion;
				minimumVersion = 0.10.0;
			};
		};
/* End XCRemoteSwiftPackageReference section */

/* Begin XCSwiftPackageProductDependency section */
		451B1E26BF8543E482810D80 /* InspectorInterface */ = {
			isa = XCSwiftPackageProductDependency;
			productName = InspectorInterface;
		};
		A1B2C3D4E5F60019A1B2C3D4 /* Inspector */ = {
			isa = XCSwiftPackageProductDependency;
			package = EBD185352DDD2D6C00D213C8 /* XCLocalSwiftPackageReference "../../Inspector" */;
			productName = Inspector;
		};
		EB6595EC266B45C10021CC91 /* Down */ = {
			isa = XCSwiftPackageProductDependency;
			package = EB6595EB266B45C10021CC91 /* XCRemoteSwiftPackageReference "Down" */;
			productName = Down;
		};
		EBD185362DDD2D6C00D213C8 /* Inspector */ = {
			isa = XCSwiftPackageProductDependency;
			productName = Inspector;
		};
		EBEC3E21263AC75B00131D60 /* Inspector */ = {
			isa = XCSwiftPackageProductDependency;
			productName = Inspector;
		};
/* End XCSwiftPackageProductDependency section */
	};
	rootObject = EB5E1FD2261A48EB002301F5 /* Project object */;
}
