// !$*UTF8*$!
{
	archiveVersion = 1;
	classes = {
	};
	objectVersion = 54;
	objects = {

/* Begin PBXBuildFile section */
		EB04BCF0266B052C00F106C2 /* PlaygroundViewController.swift in Sources */ = {isa = PBXBuildFile; fileRef = EB04BCEF266B052C00F106C2 /* PlaygroundViewController.swift */; };
		EB090A8426C82AA800CA938E /* Assets.xcassets in Resources */ = {isa = PBXBuildFile; fileRef = EB5E1FE6261A48EC002301F5 /* Assets.xcassets */; };
		EB210C7B2624E4D00032B9AE /* RoundedButtonAttributesSectionDataSource.swift in Sources */ = {isa = PBXBuildFile; fileRef = EB210C7A2624E4D00032B9AE /* RoundedButtonAttributesSectionDataSource.swift */; };
		EB210C862624E5DF0032B9AE /* UIDatePickerStyle+Extensions.swift in Sources */ = {isa = PBXBuildFile; fileRef = EB210C852624E5DF0032B9AE /* UIDatePickerStyle+Extensions.swift */; };
		EB5E1FDE261A48EB002301F5 /* AppDelegate.swift in Sources */ = {isa = PBXBuildFile; fileRef = EB5E1FDD261A48EB002301F5 /* AppDelegate.swift */; };
		EB5E1FE0261A48EB002301F5 /* SceneDelegate.swift in Sources */ = {isa = PBXBuildFile; fileRef = EB5E1FDF261A48EB002301F5 /* SceneDelegate.swift */; };
		EB5E1FE2261A48EB002301F5 /* ReadMeViewController.swift in Sources */ = {isa = PBXBuildFile; fileRef = EB5E1FE1261A48EB002301F5 /* ReadMeViewController.swift */; };
		EB5E1FE5261A48EB002301F5 /* Main.storyboard in Resources */ = {isa = PBXBuildFile; fileRef = EB5E1FE3261A48EB002301F5 /* Main.storyboard */; };
		EB5E1FE7261A48EC002301F5 /* Assets.xcassets in Resources */ = {isa = PBXBuildFile; fileRef = EB5E1FE6261A48EC002301F5 /* Assets.xcassets */; };
		EB5E1FEA261A48EC002301F5 /* LaunchScreen.storyboard in Resources */ = {isa = PBXBuildFile; fileRef = EB5E1FE8261A48EC002301F5 /* LaunchScreen.storyboard */; };
		EB5E2004261A4EC9002301F5 /* RoundedButton.swift in Sources */ = {isa = PBXBuildFile; fileRef = EB5E2003261A4EC9002301F5 /* RoundedButton.swift */; };
		EB5E95F62850B54100CF09EC /* BaseViewController.swift in Sources */ = {isa = PBXBuildFile; fileRef = EB5E95F52850B54100CF09EC /* BaseViewController.swift */; };
		EB6595ED266B45C10021CC91 /* Down in Frameworks */ = {isa = PBXBuildFile; productRef = EB6595EC266B45C10021CC91 /* Down */; };
		EB6595F0266BE2BA0021CC91 /* UIView+Animations.swift in Sources */ = {isa = PBXBuildFile; fileRef = EB6595EF266BE2BA0021CC91 /* UIView+Animations.swift */; };
		EB76A4FE26C7A7A40088E571 /* ExampleApp.swift in Sources */ = {isa = PBXBuildFile; fileRef = EB76A4FD26C7A7A40088E571 /* ExampleApp.swift */; };
		EB76A50526C7A7A50088E571 /* Preview Assets.xcassets in Resources */ = {isa = PBXBuildFile; fileRef = EB76A50426C7A7A50088E571 /* Preview Assets.xcassets */; };
		EB76A50B26C7AAE10088E571 /* Inspector in Frameworks */ = {isa = PBXBuildFile; productRef = EB76A50A26C7AAE10088E571 /* Inspector */; };
		EBBA573A2865C01000997B50 /* UIKit.framework in Frameworks */ = {isa = PBXBuildFile; fileRef = EBBA57392865C01000997B50 /* UIKit.framework */; };
		EBC0288226354CAB00502C90 /* ExampleAttributesLibrary.swift in Sources */ = {isa = PBXBuildFile; fileRef = EBC0288126354CAB00502C90 /* ExampleAttributesLibrary.swift */; };
		EBEC3E22263AC75B00131D60 /* Inspector in Frameworks */ = {isa = PBXBuildFile; productRef = EBEC3E21263AC75B00131D60 /* Inspector */; };
		EBF6BCE12831109100D68BD0 /* WeakObject.swift in Sources */ = {isa = PBXBuildFile; fileRef = EBF6BCE02831109100D68BD0 /* WeakObject.swift */; };
/* End PBXBuildFile section */

/* Begin PBXFileReference section */
		EB04BCEF266B052C00F106C2 /* PlaygroundViewController.swift */ = {isa = PBXFileReference; lastKnownFileType = sourcecode.swift; path = PlaygroundViewController.swift; sourceTree = "<group>"; };
		EB1D6D2E26FCA2A80063EB60 /* SampleCode.xcconfig */ = {isa = PBXFileReference; lastKnownFileType = text.xcconfig; path = SampleCode.xcconfig; sourceTree = "<group>"; };
		EB210C7A2624E4D00032B9AE /* RoundedButtonAttributesSectionDataSource.swift */ = {isa = PBXFileReference; lastKnownFileType = sourcecode.swift; path = RoundedButtonAttributesSectionDataSource.swift; sourceTree = "<group>"; };
		EB210C852624E5DF0032B9AE /* UIDatePickerStyle+Extensions.swift */ = {isa = PBXFileReference; lastKnownFileType = sourcecode.swift; path = "UIDatePickerStyle+Extensions.swift"; sourceTree = "<group>"; };
		EB5E1FDA261A48EB002301F5 /* Example.app */ = {isa = PBXFileReference; explicitFileType = wrapper.application; includeInIndex = 0; path = Example.app; sourceTree = BUILT_PRODUCTS_DIR; };
		EB5E1FDD261A48EB002301F5 /* AppDelegate.swift */ = {isa = PBXFileReference; lastKnownFileType = sourcecode.swift; path = AppDelegate.swift; sourceTree = "<group>"; };
		EB5E1FDF261A48EB002301F5 /* SceneDelegate.swift */ = {isa = PBXFileReference; lastKnownFileType = sourcecode.swift; path = SceneDelegate.swift; sourceTree = "<group>"; };
		EB5E1FE1261A48EB002301F5 /* ReadMeViewController.swift */ = {isa = PBXFileReference; lastKnownFileType = sourcecode.swift; path = ReadMeViewController.swift; sourceTree = "<group>"; };
		EB5E1FE4261A48EB002301F5 /* Base */ = {isa = PBXFileReference; lastKnownFileType = file.storyboard; name = Base; path = Base.lproj/Main.storyboard; sourceTree = "<group>"; };
		EB5E1FE6261A48EC002301F5 /* Assets.xcassets */ = {isa = PBXFileReference; lastKnownFileType = folder.assetcatalog; path = Assets.xcassets; sourceTree = "<group>"; };
		EB5E1FE9261A48EC002301F5 /* Base */ = {isa = PBXFileReference; lastKnownFileType = file.storyboard; name = Base; path = Base.lproj/LaunchScreen.storyboard; sourceTree = "<group>"; };
		EB5E1FEB261A48EC002301F5 /* Example-Info.plist */ = {isa = PBXFileReference; lastKnownFileType = text.plist.xml; path = "Example-Info.plist"; sourceTree = "<group>"; };
		EB5E2003261A4EC9002301F5 /* RoundedButton.swift */ = {isa = PBXFileReference; fileEncoding = 4; lastKnownFileType = sourcecode.swift; path = RoundedButton.swift; sourceTree = "<group>"; };
		EB5E95F52850B54100CF09EC /* BaseViewController.swift */ = {isa = PBXFileReference; lastKnownFileType = sourcecode.swift; path = BaseViewController.swift; sourceTree = "<group>"; };
		EB6595EF266BE2BA0021CC91 /* UIView+Animations.swift */ = {isa = PBXFileReference; lastKnownFileType = sourcecode.swift; path = "UIView+Animations.swift"; sourceTree = "<group>"; };
		EB76A4FB26C7A7A40088E571 /* SwiftUI-Example.app */ = {isa = PBXFileReference; explicitFileType = wrapper.application; includeInIndex = 0; path = "SwiftUI-Example.app"; sourceTree = BUILT_PRODUCTS_DIR; };
		EB76A4FD26C7A7A40088E571 /* ExampleApp.swift */ = {isa = PBXFileReference; lastKnownFileType = sourcecode.swift; path = ExampleApp.swift; sourceTree = "<group>"; };
		EB76A50426C7A7A50088E571 /* Preview Assets.xcassets */ = {isa = PBXFileReference; lastKnownFileType = folder.assetcatalog; path = "Preview Assets.xcassets"; sourceTree = "<group>"; };
		EB76A50626C7A7A50088E571 /* SwiftUI-Example-Info.plist */ = {isa = PBXFileReference; lastKnownFileType = text.plist.xml; path = "SwiftUI-Example-Info.plist"; sourceTree = "<group>"; };
		EBBA57392865C01000997B50 /* UIKit.framework */ = {isa = PBXFileReference; lastKnownFileType = wrapper.framework; name = UIKit.framework; path = System/Library/Frameworks/UIKit.framework; sourceTree = SDKROOT; };
		EBC0288126354CAB00502C90 /* ExampleAttributesLibrary.swift */ = {isa = PBXFileReference; lastKnownFileType = sourcecode.swift; path = ExampleAttributesLibrary.swift; sourceTree = "<group>"; };
		EBF6BCE02831109100D68BD0 /* WeakObject.swift */ = {isa = PBXFileReference; lastKnownFileType = sourcecode.swift; path = WeakObject.swift; sourceTree = "<group>"; };
/* End PBXFileReference section */

/* Begin PBXFrameworksBuildPhase section */
		EB5E1FD7261A48EB002301F5 /* Frameworks */ = {
			isa = PBXFrameworksBuildPhase;
			buildActionMask = 2147483647;
			files = (
				EB6595ED266B45C10021CC91 /* Down in Frameworks */,
				EBBA573A2865C01000997B50 /* UIKit.framework in Frameworks */,
				EBEC3E22263AC75B00131D60 /* Inspector in Frameworks */,
			);
			runOnlyForDeploymentPostprocessing = 0;
		};
		EB76A4F826C7A7A40088E571 /* Frameworks */ = {
			isa = PBXFrameworksBuildPhase;
			buildActionMask = 2147483647;
			files = (
				EB76A50B26C7AAE10088E571 /* Inspector in Frameworks */,
			);
			runOnlyForDeploymentPostprocessing = 0;
		};
/* End PBXFrameworksBuildPhase section */

/* Begin PBXGroup section */
		EB090A8326C82A9C00CA938E /* Resources */ = {
			isa = PBXGroup;
			children = (
				EB5E1FE6261A48EC002301F5 /* Assets.xcassets */,
			);
			path = Resources;
			sourceTree = "<group>";
		};
		EB1D6D2D26FCA2A80063EB60 /* Configuration */ = {
			isa = PBXGroup;
			children = (
				EB1D6D2E26FCA2A80063EB60 /* SampleCode.xcconfig */,
			);
			path = Configuration;
			sourceTree = "<group>";
		};
		EB5E1FD1261A48EB002301F5 = {
			isa = PBXGroup;
			children = (
				EB5E1FDC261A48EB002301F5 /* Example-UIKit */,
				EB76A4FC26C7A7A40088E571 /* Example-SwiftUI */,
				EB1D6D2D26FCA2A80063EB60 /* Configuration */,
				EBEC3E20263AC75B00131D60 /* Frameworks */,
				EB5E1FDB261A48EB002301F5 /* Products */,
				EB090A8326C82A9C00CA938E /* Resources */,
			);
			sourceTree = "<group>";
		};
		EB5E1FDB261A48EB002301F5 /* Products */ = {
			isa = PBXGroup;
			children = (
				EB5E1FDA261A48EB002301F5 /* Example.app */,
				EB76A4FB26C7A7A40088E571 /* SwiftUI-Example.app */,
			);
			name = Products;
			sourceTree = "<group>";
		};
		EB5E1FDC261A48EB002301F5 /* Example-UIKit */ = {
			isa = PBXGroup;
			children = (
				EB5E95F52850B54100CF09EC /* BaseViewController.swift */,
				EB04BCEF266B052C00F106C2 /* PlaygroundViewController.swift */,
				EB5E1FE1261A48EB002301F5 /* ReadMeViewController.swift */,
				EB5E2003261A4EC9002301F5 /* RoundedButton.swift */,
				EB5E1FDF261A48EB002301F5 /* SceneDelegate.swift */,
				EB5E6EFE26FC8900000D13CD /* ElementLibrary */,
				EB5E6EFF26FC891E000D13CD /* Extensions */,
				EB5E95F42850B3B100CF09EC /* Storyboards */,
				EB5E6EFB26FC88C8000D13CD /* Support Files */,
			);
			path = "Example-UIKit";
			sourceTree = "<group>";
		};
		EB5E6EFA26FC88B5000D13CD /* Support Files */ = {
			isa = PBXGroup;
			children = (
				EB76A50626C7A7A50088E571 /* SwiftUI-Example-Info.plist */,
			);
			name = "Support Files";
			sourceTree = "<group>";
		};
		EB5E6EFB26FC88C8000D13CD /* Support Files */ = {
			isa = PBXGroup;
			children = (
				EB5E1FEB261A48EC002301F5 /* Example-Info.plist */,
				EB5E1FDD261A48EB002301F5 /* AppDelegate.swift */,
				EBF6BCE02831109100D68BD0 /* WeakObject.swift */,
			);
			name = "Support Files";
			sourceTree = "<group>";
		};
		EB5E6EFE26FC8900000D13CD /* ElementLibrary */ = {
			isa = PBXGroup;
			children = (
				EB210C7A2624E4D00032B9AE /* RoundedButtonAttributesSectionDataSource.swift */,
				EBC0288126354CAB00502C90 /* ExampleAttributesLibrary.swift */,
			);
			path = ElementLibrary;
			sourceTree = "<group>";
		};
		EB5E6EFF26FC891E000D13CD /* Extensions */ = {
			isa = PBXGroup;
			children = (
				EB210C852624E5DF0032B9AE /* UIDatePickerStyle+Extensions.swift */,
				EB6595EF266BE2BA0021CC91 /* UIView+Animations.swift */,
			);
			path = Extensions;
			sourceTree = "<group>";
		};
		EB5E95F42850B3B100CF09EC /* Storyboards */ = {
			isa = PBXGroup;
			children = (
				EB5E1FE8261A48EC002301F5 /* LaunchScreen.storyboard */,
				EB5E1FE3261A48EB002301F5 /* Main.storyboard */,
			);
			path = Storyboards;
			sourceTree = "<group>";
		};
		EB76A4FC26C7A7A40088E571 /* Example-SwiftUI */ = {
			isa = PBXGroup;
			children = (
				EB76A4FD26C7A7A40088E571 /* ExampleApp.swift */,
				EB5E6EFA26FC88B5000D13CD /* Support Files */,
				EB76A50326C7A7A50088E571 /* Preview Content */,
			);
			path = "Example-SwiftUI";
			sourceTree = "<group>";
		};
		EB76A50326C7A7A50088E571 /* Preview Content */ = {
			isa = PBXGroup;
			children = (
				EB76A50426C7A7A50088E571 /* Preview Assets.xcassets */,
			);
			path = "Preview Content";
			sourceTree = "<group>";
		};
		EBEC3E20263AC75B00131D60 /* Frameworks */ = {
			isa = PBXGroup;
			children = (
				EBBA57392865C01000997B50 /* UIKit.framework */,
			);
			name = Frameworks;
			sourceTree = "<group>";
		};
/* End PBXGroup section */

/* Begin PBXNativeTarget section */
		EB5E1FD9261A48EB002301F5 /* Example */ = {
			isa = PBXNativeTarget;
			buildConfigurationList = EB5E1FEE261A48EC002301F5 /* Build configuration list for PBXNativeTarget "Example" */;
			buildPhases = (
				EBEDAB6626FB9B7300BB95FB /* SwiftFormat */,
				EB5E1FD6261A48EB002301F5 /* Sources */,
				EB5E1FD7261A48EB002301F5 /* Frameworks */,
				EB5E1FD8261A48EB002301F5 /* Resources */,
			);
			buildRules = (
			);
			dependencies = (
			);
			name = Example;
			packageProductDependencies = (
				EBEC3E21263AC75B00131D60 /* Inspector */,
				EB6595EC266B45C10021CC91 /* Down */,
			);
			productName = HierarchyInspectorExample;
			productReference = EB5E1FDA261A48EB002301F5 /* Example.app */;
			productType = "com.apple.product-type.application";
		};
		EB76A4FA26C7A7A40088E571 /* SwiftUI-Example */ = {
			isa = PBXNativeTarget;
			buildConfigurationList = EB76A50926C7A7A50088E571 /* Build configuration list for PBXNativeTarget "SwiftUI-Example" */;
			buildPhases = (
				EB93B61C26F89F1D00FBD7AC /* SwiftFormat */,
				EB76A4F726C7A7A40088E571 /* Sources */,
				EB76A4F826C7A7A40088E571 /* Frameworks */,
				EB76A4F926C7A7A40088E571 /* Resources */,
			);
			buildRules = (
			);
			dependencies = (
			);
			name = "SwiftUI-Example";
			packageProductDependencies = (
				EB76A50A26C7AAE10088E571 /* Inspector */,
			);
			productName = "SwiftUI Example";
			productReference = EB76A4FB26C7A7A40088E571 /* SwiftUI-Example.app */;
			productType = "com.apple.product-type.application";
		};
/* End PBXNativeTarget section */

/* Begin PBXProject section */
		EB5E1FD2261A48EB002301F5 /* Project object */ = {
			isa = PBXProject;
			attributes = {
				LastSwiftUpdateCheck = 1250;
				LastUpgradeCheck = 1240;
				TargetAttributes = {
					EB5E1FD9261A48EB002301F5 = {
						CreatedOnToolsVersion = 12.4;
					};
					EB76A4FA26C7A7A40088E571 = {
						CreatedOnToolsVersion = 12.5.1;
					};
				};
			};
			buildConfigurationList = EB5E1FD5261A48EB002301F5 /* Build configuration list for PBXProject "Example" */;
			compatibilityVersion = "Xcode 9.3";
			developmentRegion = en;
			hasScannedForEncodings = 0;
			knownRegions = (
				en,
				Base,
			);
			mainGroup = EB5E1FD1261A48EB002301F5;
			packageReferences = (
				EB6595EB266B45C10021CC91 /* XCRemoteSwiftPackageReference "Down" */,
			);
			productRefGroup = EB5E1FDB261A48EB002301F5 /* Products */;
			projectDirPath = "";
			projectRoot = "";
			targets = (
				EB5E1FD9261A48EB002301F5 /* Example */,
				EB76A4FA26C7A7A40088E571 /* SwiftUI-Example */,
			);
		};
/* End PBXProject section */

/* Begin PBXResourcesBuildPhase section */
		EB5E1FD8261A48EB002301F5 /* Resources */ = {
			isa = PBXResourcesBuildPhase;
			buildActionMask = 2147483647;
			files = (
				EB5E1FEA261A48EC002301F5 /* LaunchScreen.storyboard in Resources */,
				EB5E1FE7261A48EC002301F5 /* Assets.xcassets in Resources */,
				EB5E1FE5261A48EB002301F5 /* Main.storyboard in Resources */,
			);
			runOnlyForDeploymentPostprocessing = 0;
		};
		EB76A4F926C7A7A40088E571 /* Resources */ = {
			isa = PBXResourcesBuildPhase;
			buildActionMask = 2147483647;
			files = (
				EB76A50526C7A7A50088E571 /* Preview Assets.xcassets in Resources */,
				EB090A8426C82AA800CA938E /* Assets.xcassets in Resources */,
			);
			runOnlyForDeploymentPostprocessing = 0;
		};
/* End PBXResourcesBuildPhase section */

/* Begin PBXShellScriptBuildPhase section */
		EB93B61C26F89F1D00FBD7AC /* SwiftFormat */ = {
			isa = PBXShellScriptBuildPhase;
			alwaysOutOfDate = 1;
			buildActionMask = 2147483647;
			files = (
			);
			inputFileListPaths = (
			);
			inputPaths = (
			);
			name = SwiftFormat;
			outputFileListPaths = (
			);
			outputPaths = (
			);
			runOnlyForDeploymentPostprocessing = 0;
			shellPath = /bin/sh;
			shellScript = "if which swiftformat >/dev/null; then\n  swiftformat .\nelse\n  echo \"warning: SwiftFormat not installed, download from https://github.com/nicklockwood/SwiftFormat\"\nfi\n";
		};
		EBEDAB6626FB9B7300BB95FB /* SwiftFormat */ = {
			isa = PBXShellScriptBuildPhase;
			alwaysOutOfDate = 1;
			buildActionMask = 2147483647;
			files = (
			);
			inputFileListPaths = (
			);
			inputPaths = (
			);
			name = SwiftFormat;
			outputFileListPaths = (
			);
			outputPaths = (
			);
			runOnlyForDeploymentPostprocessing = 0;
			shellPath = /bin/sh;
			shellScript = "SDKROOT=(xcrun --sdk macosx --show-sdk-path)\n\ncd \"$SRCROOT\"\ncd ..\n\nswift run -c release --package-path BuildTools swiftformat .\n";
		};
/* End PBXShellScriptBuildPhase section */

/* Begin PBXSourcesBuildPhase section */
		EB5E1FD6261A48EB002301F5 /* Sources */ = {
			isa = PBXSourcesBuildPhase;
			buildActionMask = 2147483647;
			files = (
				EB5E2004261A4EC9002301F5 /* RoundedButton.swift in Sources */,
				EB04BCF0266B052C00F106C2 /* PlaygroundViewController.swift in Sources */,
				EB5E95F62850B54100CF09EC /* BaseViewController.swift in Sources */,
				EBC0288226354CAB00502C90 /* ExampleAttributesLibrary.swift in Sources */,
				EB5E1FE2261A48EB002301F5 /* ReadMeViewController.swift in Sources */,
				EB210C862624E5DF0032B9AE /* UIDatePickerStyle+Extensions.swift in Sources */,
				EBF6BCE12831109100D68BD0 /* WeakObject.swift in Sources */,
				EB210C7B2624E4D00032B9AE /* RoundedButtonAttributesSectionDataSource.swift in Sources */,
				EB6595F0266BE2BA0021CC91 /* UIView+Animations.swift in Sources */,
				EB5E1FDE261A48EB002301F5 /* AppDelegate.swift in Sources */,
				EB5E1FE0261A48EB002301F5 /* SceneDelegate.swift in Sources */,
			);
			runOnlyForDeploymentPostprocessing = 0;
		};
		EB76A4F726C7A7A40088E571 /* Sources */ = {
			isa = PBXSourcesBuildPhase;
			buildActionMask = 2147483647;
			files = (
				EB76A4FE26C7A7A40088E571 /* ExampleApp.swift in Sources */,
			);
			runOnlyForDeploymentPostprocessing = 0;
		};
/* End PBXSourcesBuildPhase section */

/* Begin PBXVariantGroup section */
		EB5E1FE3261A48EB002301F5 /* Main.storyboard */ = {
			isa = PBXVariantGroup;
			children = (
				EB5E1FE4261A48EB002301F5 /* Base */,
			);
			name = Main.storyboard;
			sourceTree = "<group>";
		};
		EB5E1FE8261A48EC002301F5 /* LaunchScreen.storyboard */ = {
			isa = PBXVariantGroup;
			children = (
				EB5E1FE9261A48EC002301F5 /* Base */,
			);
			name = LaunchScreen.storyboard;
			sourceTree = "<group>";
		};
/* End PBXVariantGroup section */

/* Begin XCBuildConfiguration section */
		EB5E1FEC261A48EC002301F5 /* Debug */ = {
			isa = XCBuildConfiguration;
			buildSettings = {
				ALWAYS_SEARCH_USER_PATHS = NO;
				CLANG_ANALYZER_NONNULL = YES;
				CLANG_ANALYZER_NUMBER_OBJECT_CONVERSION = YES_AGGRESSIVE;
				CLANG_CXX_LANGUAGE_STANDARD = "gnu++14";
				CLANG_CXX_LIBRARY = "libc++";
				CLANG_ENABLE_MODULES = YES;
				CLANG_ENABLE_OBJC_ARC = YES;
				CLANG_ENABLE_OBJC_WEAK = YES;
				CLANG_WARN_BLOCK_CAPTURE_AUTORELEASING = YES;
				CLANG_WARN_BOOL_CONVERSION = YES;
				CLANG_WARN_COMMA = YES;
				CLANG_WARN_CONSTANT_CONVERSION = YES;
				CLANG_WARN_DEPRECATED_OBJC_IMPLEMENTATIONS = YES;
				CLANG_WARN_DIRECT_OBJC_ISA_USAGE = YES_ERROR;
				CLANG_WARN_DOCUMENTATION_COMMENTS = YES;
				CLANG_WARN_EMPTY_BODY = YES;
				CLANG_WARN_ENUM_CONVERSION = YES;
				CLANG_WARN_INFINITE_RECURSION = YES;
				CLANG_WARN_INT_CONVERSION = YES;
				CLANG_WARN_NON_LITERAL_NULL_CONVERSION = YES;
				CLANG_WARN_OBJC_IMPLICIT_RETAIN_SELF = YES;
				CLANG_WARN_OBJC_LITERAL_CONVERSION = YES;
				CLANG_WARN_OBJC_ROOT_CLASS = YES_ERROR;
				CLANG_WARN_QUOTED_INCLUDE_IN_FRAMEWORK_HEADER = YES;
				CLANG_WARN_RANGE_LOOP_ANALYSIS = YES;
				CLANG_WARN_STRICT_PROTOTYPES = YES;
				CLANG_WARN_SUSPICIOUS_MOVE = YES;
				CLANG_WARN_UNGUARDED_AVAILABILITY = YES_AGGRESSIVE;
				CLANG_WARN_UNREACHABLE_CODE = YES;
				CLANG_WARN__DUPLICATE_METHOD_MATCH = YES;
				COPY_PHASE_STRIP = NO;
				DEBUG_INFORMATION_FORMAT = dwarf;
				ENABLE_STRICT_OBJC_MSGSEND = YES;
				ENABLE_TESTABILITY = YES;
				GCC_C_LANGUAGE_STANDARD = gnu11;
				GCC_DYNAMIC_NO_PIC = NO;
				GCC_NO_COMMON_BLOCKS = YES;
				GCC_OPTIMIZATION_LEVEL = 0;
				GCC_PREPROCESSOR_DEFINITIONS = (
					"DEBUG=1",
					"$(inherited)",
				);
				GCC_WARN_64_TO_32_BIT_CONVERSION = YES;
				GCC_WARN_ABOUT_RETURN_TYPE = YES_ERROR;
				GCC_WARN_UNDECLARED_SELECTOR = YES;
				GCC_WARN_UNINITIALIZED_AUTOS = YES_AGGRESSIVE;
				GCC_WARN_UNUSED_FUNCTION = YES;
				GCC_WARN_UNUSED_VARIABLE = YES;
				IPHONEOS_DEPLOYMENT_TARGET = 14.0;
				MTL_ENABLE_DEBUG_INFO = INCLUDE_SOURCE;
				MTL_FAST_MATH = YES;
				ONLY_ACTIVE_ARCH = YES;
				SDKROOT = iphoneos;
				SWIFT_ACTIVE_COMPILATION_CONDITIONS = DEBUG;
				SWIFT_OPTIMIZATION_LEVEL = "-Onone";
				SWIFT_VERSION = "";
			};
			name = Debug;
		};
		EB5E1FED261A48EC002301F5 /* Release */ = {
			isa = XCBuildConfiguration;
			buildSettings = {
				ALWAYS_SEARCH_USER_PATHS = NO;
				CLANG_ANALYZER_NONNULL = YES;
				CLANG_ANALYZER_NUMBER_OBJECT_CONVERSION = YES_AGGRESSIVE;
				CLANG_CXX_LANGUAGE_STANDARD = "gnu++14";
				CLANG_CXX_LIBRARY = "libc++";
				CLANG_ENABLE_MODULES = YES;
				CLANG_ENABLE_OBJC_ARC = YES;
				CLANG_ENABLE_OBJC_WEAK = YES;
				CLANG_WARN_BLOCK_CAPTURE_AUTORELEASING = YES;
				CLANG_WARN_BOOL_CONVERSION = YES;
				CLANG_WARN_COMMA = YES;
				CLANG_WARN_CONSTANT_CONVERSION = YES;
				CLANG_WARN_DEPRECATED_OBJC_IMPLEMENTATIONS = YES;
				CLANG_WARN_DIRECT_OBJC_ISA_USAGE = YES_ERROR;
				CLANG_WARN_DOCUMENTATION_COMMENTS = YES;
				CLANG_WARN_EMPTY_BODY = YES;
				CLANG_WARN_ENUM_CONVERSION = YES;
				CLANG_WARN_INFINITE_RECURSION = YES;
				CLANG_WARN_INT_CONVERSION = YES;
				CLANG_WARN_NON_LITERAL_NULL_CONVERSION = YES;
				CLANG_WARN_OBJC_IMPLICIT_RETAIN_SELF = YES;
				CLANG_WARN_OBJC_LITERAL_CONVERSION = YES;
				CLANG_WARN_OBJC_ROOT_CLASS = YES_ERROR;
				CLANG_WARN_QUOTED_INCLUDE_IN_FRAMEWORK_HEADER = YES;
				CLANG_WARN_RANGE_LOOP_ANALYSIS = YES;
				CLANG_WARN_STRICT_PROTOTYPES = YES;
				CLANG_WARN_SUSPICIOUS_MOVE = YES;
				CLANG_WARN_UNGUARDED_AVAILABILITY = YES_AGGRESSIVE;
				CLANG_WARN_UNREACHABLE_CODE = YES;
				CLANG_WARN__DUPLICATE_METHOD_MATCH = YES;
				COPY_PHASE_STRIP = NO;
				DEBUG_INFORMATION_FORMAT = "dwarf-with-dsym";
				ENABLE_NS_ASSERTIONS = NO;
				ENABLE_STRICT_OBJC_MSGSEND = YES;
				GCC_C_LANGUAGE_STANDARD = gnu11;
				GCC_NO_COMMON_BLOCKS = YES;
				GCC_WARN_64_TO_32_BIT_CONVERSION = YES;
				GCC_WARN_ABOUT_RETURN_TYPE = YES_ERROR;
				GCC_WARN_UNDECLARED_SELECTOR = YES;
				GCC_WARN_UNINITIALIZED_AUTOS = YES_AGGRESSIVE;
				GCC_WARN_UNUSED_FUNCTION = YES;
				GCC_WARN_UNUSED_VARIABLE = YES;
				IPHONEOS_DEPLOYMENT_TARGET = 14.0;
				MTL_ENABLE_DEBUG_INFO = NO;
				MTL_FAST_MATH = YES;
				SDKROOT = iphoneos;
				SWIFT_COMPILATION_MODE = wholemodule;
				SWIFT_OPTIMIZATION_LEVEL = "-O";
				SWIFT_VERSION = "";
				VALIDATE_PRODUCT = YES;
			};
			name = Release;
		};
		EB5E1FEF261A48EC002301F5 /* Debug */ = {
			isa = XCBuildConfiguration;
			buildSettings = {
				ASSETCATALOG_COMPILER_APPICON_NAME = AppIcon;
				ASSETCATALOG_COMPILER_GLOBAL_ACCENT_COLOR_NAME = AccentColor;
				CODE_SIGN_IDENTITY = "Apple Development";
				CODE_SIGN_STYLE = Automatic;
				CURRENT_PROJECT_VERSION = 1;
				DEVELOPMENT_TEAM = 9U37VDVBP4;
				GCC_PREPROCESSOR_DEFINITIONS = (
					"DEBUG=1",
					"VERBOSE=1",
					"$(inherited)",
				);
				INFOPLIST_FILE = "Example-UIKit/Example-Info.plist";
				LD_RUNPATH_SEARCH_PATHS = (
					"$(inherited)",
					"@executable_path/Frameworks",
				);
				MARKETING_VERSION = 1.0.1;
				PRODUCT_BUNDLE_IDENTIFIER = "am.pedro.Inspector${SAMPLE_CODE_DISAMBIGUATOR}";
				PRODUCT_NAME = "$(TARGET_NAME)";
				PROVISIONING_PROFILE_SPECIFIER = "";
				SWIFT_VERSION = 5.0;
				TARGETED_DEVICE_FAMILY = "1,2";
			};
			name = Debug;
		};
		EB5E1FF0261A48EC002301F5 /* Release */ = {
			isa = XCBuildConfiguration;
			buildSettings = {
				ASSETCATALOG_COMPILER_APPICON_NAME = AppIcon;
				ASSETCATALOG_COMPILER_GLOBAL_ACCENT_COLOR_NAME = AccentColor;
				CODE_SIGN_IDENTITY = "Apple Development";
				CODE_SIGN_STYLE = Automatic;
				CURRENT_PROJECT_VERSION = 1;
				DEVELOPMENT_TEAM = 9U37VDVBP4;
				INFOPLIST_FILE = "Example-UIKit/Example-Info.plist";
				LD_RUNPATH_SEARCH_PATHS = (
					"$(inherited)",
					"@executable_path/Frameworks",
				);
				MARKETING_VERSION = 1.0.1;
				PRODUCT_BUNDLE_IDENTIFIER = "am.pedro.Inspector${SAMPLE_CODE_DISAMBIGUATOR}";
				PRODUCT_NAME = "$(TARGET_NAME)";
				PROVISIONING_PROFILE_SPECIFIER = "";
				SWIFT_VERSION = 5.0;
				TARGETED_DEVICE_FAMILY = "1,2";
			};
			name = Release;
		};
		EB76A50726C7A7A50088E571 /* Debug */ = {
			isa = XCBuildConfiguration;
			buildSettings = {
				ASSETCATALOG_COMPILER_APPICON_NAME = AppIcon;
				ASSETCATALOG_COMPILER_GLOBAL_ACCENT_COLOR_NAME = AccentColor;
				CODE_SIGN_STYLE = Automatic;
				DEVELOPMENT_ASSET_PATHS = "\"Example-SwiftUI/Preview Content\"";
				DEVELOPMENT_TEAM = 9U37VDVBP4;
				ENABLE_PREVIEWS = YES;
				GCC_PREPROCESSOR_DEFINITIONS = (
					"DEBUG=1",
					"VERBOSE=1",
					"$(inherited)",
				);
				INFOPLIST_FILE = "Example-SwiftUI/SwiftUI-Example-Info.plist";
				IPHONEOS_DEPLOYMENT_TARGET = 14.5;
				LD_RUNPATH_SEARCH_PATHS = (
					"$(inherited)",
					"@executable_path/Frameworks",
				);
				MARKETING_VERSION = 1.0.1;
				PRODUCT_BUNDLE_IDENTIFIER = "am.pedro.Inspector.${PRODUCT_NAME:bundleIdentifier}${SAMPLE_CODE_DISAMBIGUATOR}";
				PRODUCT_NAME = "$(TARGET_NAME)";
				SWIFT_VERSION = 5.0;
				TARGETED_DEVICE_FAMILY = "1,2";
			};
			name = Debug;
		};
		EB76A50826C7A7A50088E571 /* Release */ = {
			isa = XCBuildConfiguration;
			buildSettings = {
				ASSETCATALOG_COMPILER_APPICON_NAME = AppIcon;
				ASSETCATALOG_COMPILER_GLOBAL_ACCENT_COLOR_NAME = AccentColor;
				CODE_SIGN_STYLE = Automatic;
				DEVELOPMENT_ASSET_PATHS = "\"Example-SwiftUI/Preview Content\"";
				DEVELOPMENT_TEAM = 9U37VDVBP4;
				ENABLE_PREVIEWS = YES;
				INFOPLIST_FILE = "Example-SwiftUI/SwiftUI-Example-Info.plist";
				IPHONEOS_DEPLOYMENT_TARGET = 14.5;
				LD_RUNPATH_SEARCH_PATHS = (
					"$(inherited)",
					"@executable_path/Frameworks",
				);
				MARKETING_VERSION = 1.0.1;
				PRODUCT_BUNDLE_IDENTIFIER = "am.pedro.Inspector.${PRODUCT_NAME:bundleIdentifier}${SAMPLE_CODE_DISAMBIGUATOR}";
				PRODUCT_NAME = "$(TARGET_NAME)";
				SWIFT_VERSION = 5.0;
				TARGETED_DEVICE_FAMILY = "1,2";
			};
			name = Release;
		};
/* End XCBuildConfiguration section */

/* Begin XCConfigurationList section */
		EB5E1FD5261A48EB002301F5 /* Build configuration list for PBXProject "Example" */ = {
			isa = XCConfigurationList;
			buildConfigurations = (
				EB5E1FEC261A48EC002301F5 /* Debug */,
				EB5E1FED261A48EC002301F5 /* Release */,
			);
			defaultConfigurationIsVisible = 0;
			defaultConfigurationName = Release;
		};
		EB5E1FEE261A48EC002301F5 /* Build configuration list for PBXNativeTarget "Example" */ = {
			isa = XCConfigurationList;
			buildConfigurations = (
				EB5E1FEF261A48EC002301F5 /* Debug */,
				EB5E1FF0261A48EC002301F5 /* Release */,
			);
			defaultConfigurationIsVisible = 0;
			defaultConfigurationName = Release;
		};
		EB76A50926C7A7A50088E571 /* Build configuration list for PBXNativeTarget "SwiftUI-Example" */ = {
			isa = XCConfigurationList;
			buildConfigurations = (
				EB76A50726C7A7A50088E571 /* Debug */,
				EB76A50826C7A7A50088E571 /* Release */,
			);
			defaultConfigurationIsVisible = 0;
			defaultConfigurationName = Release;
		};
/* End XCConfigurationList section */

/* Begin XCRemoteSwiftPackageReference section */
		EB6595EB266B45C10021CC91 /* XCRemoteSwiftPackageReference "Down" */ = {
			isa = XCRemoteSwiftPackageReference;
			repositoryURL = "https://github.com/johnxnguyen/Down.git";
			requirement = {
				kind = upToNextMajorVersion;
				minimumVersion = 0.10.0;
			};
		};
/* End XCRemoteSwiftPackageReference section */

/* Begin XCSwiftPackageProductDependency section */
		EB6595EC266B45C10021CC91 /* Down */ = {
			isa = XCSwiftPackageProductDependency;
			package = EB6595EB266B45C10021CC91 /* XCRemoteSwiftPackageReference "Down" */;
			productName = Down;
		};
		EB76A50A26C7AAE10088E571 /* Inspector */ = {
			isa = XCSwiftPackageProductDependency;
			productName = Inspector;
		};
		EBEC3E21263AC75B00131D60 /* Inspector */ = {
			isa = XCSwiftPackageProductDependency;
			productName = Inspector;
		};
/* End XCSwiftPackageProductDependency section */
	};
	rootObject = EB5E1FD2261A48EB002301F5 /* Project object */;
}
